# THIS IS AN AUTOGENERATED FILE. DO NOT EDIT THIS FILE DIRECTLY.
# yarn lockfile v1


ts-mongoose@^0.0.16:
  version "0.0.16"
  resolved "https://registry.yarnpkg.com/ts-mongoose/-/ts-mongoose-0.0.16.tgz#126bf9856285ad549534d3c941832f030e9e26ef"
  integrity sha512-69XDCT8PT/IU74YhDVTHLI04tIUx66eusrF4BQFPoDvORh71Nw6UAAKLZOVNoWNjhz2hgJ9vsPf2igOj52Ce9Q==
